// !$*UTF8*$!
{
	archiveVersion = 1;
	classes = {
	};
	objectVersion = 50;
	objects = {

/* Begin PBXBuildFile section */
		8659ACEB257DDC240028ADAC /* AppDelegate.m in Sources */ = {isa = PBXBuildFile; fileRef = 8659ACEA257DDC240028ADAC /* AppDelegate.m */; };
		8659ACEE257DDC240028ADAC /* SceneDelegate.m in Sources */ = {isa = PBXBuildFile; fileRef = 8659ACED257DDC240028ADAC /* SceneDelegate.m */; };
		8659ACF1257DDC240028ADAC /* ViewController.m in Sources */ = {isa = PBXBuildFile; fileRef = 8659ACF0257DDC240028ADAC /* ViewController.m */; };
		8659ACF4257DDC240028ADAC /* Main.storyboard in Resources */ = {isa = PBXBuildFile; fileRef = 8659ACF2257DDC240028ADAC /* Main.storyboard */; };
		8659ACF6257DDC270028ADAC /* Assets.xcassets in Resources */ = {isa = PBXBuildFile; fileRef = 8659ACF5257DDC270028ADAC /* Assets.xcassets */; };
		8659ACF9257DDC270028ADAC /* LaunchScreen.storyboard in Resources */ = {isa = PBXBuildFile; fileRef = 8659ACF7257DDC270028ADAC /* LaunchScreen.storyboard */; };
		8659ACFC257DDC270028ADAC /* main.m in Sources */ = {isa = PBXBuildFile; fileRef = 8659ACFB257DDC270028ADAC /* main.m */; };
		8659AD06257DDC280028ADAC /* demoTests.m in Sources */ = {isa = PBXBuildFile; fileRef = 8659AD05257DDC280028ADAC /* demoTests.m */; };
		8659AD11257DDC280028ADAC /* demoUITests.m in Sources */ = {isa = PBXBuildFile; fileRef = 8659AD10257DDC280028ADAC /* demoUITests.m */; };
		8659AD3C257E00890028ADAC /* NSLayoutConstraint+MASDebugAdditions.m in Sources */ = {isa = PBXBuildFile; fileRef = 8659AD24257E00890028ADAC /* NSLayoutConstraint+MASDebugAdditions.m */; };
		8659AD3D257E00890028ADAC /* ViewController+MASAdditions.m in Sources */ = {isa = PBXBuildFile; fileRef = 8659AD2D257E00890028ADAC /* ViewController+MASAdditions.m */; };
		8659AD3E257E00890028ADAC /* MASCompositeConstraint.m in Sources */ = {isa = PBXBuildFile; fileRef = 8659AD31257E00890028ADAC /* MASCompositeConstraint.m */; };
		8659AD3F257E00890028ADAC /* MASConstraintMaker.m in Sources */ = {isa = PBXBuildFile; fileRef = 8659AD32257E00890028ADAC /* MASConstraintMaker.m */; };
		8659AD40257E00890028ADAC /* MASLayoutConstraint.m in Sources */ = {isa = PBXBuildFile; fileRef = 8659AD33257E00890028ADAC /* MASLayoutConstraint.m */; };
		8659AD41257E00890028ADAC /* NSArray+MASAdditions.m in Sources */ = {isa = PBXBuildFile; fileRef = 8659AD34257E00890028ADAC /* NSArray+MASAdditions.m */; };
		8659AD42257E00890028ADAC /* View+MASAdditions.m in Sources */ = {isa = PBXBuildFile; fileRef = 8659AD35257E00890028ADAC /* View+MASAdditions.m */; };
		8659AD43257E00890028ADAC /* MASConstraint.m in Sources */ = {isa = PBXBuildFile; fileRef = 8659AD38257E00890028ADAC /* MASConstraint.m */; };
		8659AD44257E00890028ADAC /* MASViewConstraint.m in Sources */ = {isa = PBXBuildFile; fileRef = 8659AD3A257E00890028ADAC /* MASViewConstraint.m */; };
		8659AD45257E00890028ADAC /* MASViewAttribute.m in Sources */ = {isa = PBXBuildFile; fileRef = 8659AD3B257E00890028ADAC /* MASViewAttribute.m */; };
		8659AD4C257E0DA40028ADAC /* dictMulitToString.m in Sources */ = {isa = PBXBuildFile; fileRef = 8659AD4B257E0DA40028ADAC /* dictMulitToString.m */; };
		8659AD55257E0FD00028ADAC /* JMOAuthCode.m in Sources */ = {isa = PBXBuildFile; fileRef = 8659AD54257E0FD00028ADAC /* JMOAuthCode.m */; };
		8659AD5E257E0FF60028ADAC /* JMOAuthItem.m in Sources */ = {isa = PBXBuildFile; fileRef = 8659AD5D257E0FF60028ADAC /* JMOAuthItem.m */; };
		8659AD72257E14F80028ADAC /* VerificationCodeVC.m in Sources */ = {isa = PBXBuildFile; fileRef = 8659AD71257E14F80028ADAC /* VerificationCodeVC.m */; };
		8659AD7C257E21340028ADAC /* YsyPopHelper.m in Sources */ = {isa = PBXBuildFile; fileRef = 8659AD77257E21330028ADAC /* YsyPopHelper.m */; };
		8659AD7D257E21340028ADAC /* YsyPopAnimationManage.m in Sources */ = {isa = PBXBuildFile; fileRef = 8659AD7A257E21330028ADAC /* YsyPopAnimationManage.m */; };
		8659AD84257E220B0028ADAC /* PopViewsVC.m in Sources */ = {isa = PBXBuildFile; fileRef = 8659AD83257E220B0028ADAC /* PopViewsVC.m */; };
		8659AD90257E25F90028ADAC /* TestView.m in Sources */ = {isa = PBXBuildFile; fileRef = 8659AD8B257E25F90028ADAC /* TestView.m */; };
		8659AD91257E25F90028ADAC /* BaiDuView.m in Sources */ = {isa = PBXBuildFile; fileRef = 8659AD8E257E25F90028ADAC /* BaiDuView.m */; };
/* End PBXBuildFile section */

/* Begin PBXContainerItemProxy section */
		8659AD02257DDC280028ADAC /* PBXContainerItemProxy */ = {
			isa = PBXContainerItemProxy;
			containerPortal = 8659ACDE257DDC240028ADAC /* Project object */;
			proxyType = 1;
			remoteGlobalIDString = 8659ACE5257DDC240028ADAC;
			remoteInfo = demo;
		};
		8659AD0D257DDC280028ADAC /* PBXContainerItemProxy */ = {
			isa = PBXContainerItemProxy;
			containerPortal = 8659ACDE257DDC240028ADAC /* Project object */;
			proxyType = 1;
			remoteGlobalIDString = 8659ACE5257DDC240028ADAC;
			remoteInfo = demo;
		};
/* End PBXContainerItemProxy section */

/* Begin PBXFileReference section */
		8659ACE6257DDC240028ADAC /* demo.app */ = {isa = PBXFileReference; explicitFileType = wrapper.application; includeInIndex = 0; path = demo.app; sourceTree = BUILT_PRODUCTS_DIR; };
		8659ACE9257DDC240028ADAC /* AppDelegate.h */ = {isa = PBXFileReference; lastKnownFileType = sourcecode.c.h; path = AppDelegate.h; sourceTree = "<group>"; };
		8659ACEA257DDC240028ADAC /* AppDelegate.m */ = {isa = PBXFileReference; lastKnownFileType = sourcecode.c.objc; path = AppDelegate.m; sourceTree = "<group>"; };
		8659ACEC257DDC240028ADAC /* SceneDelegate.h */ = {isa = PBXFileReference; lastKnownFileType = sourcecode.c.h; path = SceneDelegate.h; sourceTree = "<group>"; };
		8659ACED257DDC240028ADAC /* SceneDelegate.m */ = {isa = PBXFileReference; lastKnownFileType = sourcecode.c.objc; path = SceneDelegate.m; sourceTree = "<group>"; };
		8659ACEF257DDC240028ADAC /* ViewController.h */ = {isa = PBXFileReference; lastKnownFileType = sourcecode.c.h; path = ViewController.h; sourceTree = "<group>"; };
		8659ACF0257DDC240028ADAC /* ViewController.m */ = {isa = PBXFileReference; lastKnownFileType = sourcecode.c.objc; path = ViewController.m; sourceTree = "<group>"; };
		8659ACF3257DDC240028ADAC /* Base */ = {isa = PBXFileReference; lastKnownFileType = file.storyboard; name = Base; path = Base.lproj/Main.storyboard; sourceTree = "<group>"; };
		8659ACF5257DDC270028ADAC /* Assets.xcassets */ = {isa = PBXFileReference; lastKnownFileType = folder.assetcatalog; path = Assets.xcassets; sourceTree = "<group>"; };
		8659ACF8257DDC270028ADAC /* Base */ = {isa = PBXFileReference; lastKnownFileType = file.storyboard; name = Base; path = Base.lproj/LaunchScreen.storyboard; sourceTree = "<group>"; };
		8659ACFA257DDC270028ADAC /* Info.plist */ = {isa = PBXFileReference; lastKnownFileType = text.plist.xml; path = Info.plist; sourceTree = "<group>"; };
		8659ACFB257DDC270028ADAC /* main.m */ = {isa = PBXFileReference; lastKnownFileType = sourcecode.c.objc; path = main.m; sourceTree = "<group>"; };
		8659AD01257DDC280028ADAC /* demoTests.xctest */ = {isa = PBXFileReference; explicitFileType = wrapper.cfbundle; includeInIndex = 0; path = demoTests.xctest; sourceTree = BUILT_PRODUCTS_DIR; };
		8659AD05257DDC280028ADAC /* demoTests.m */ = {isa = PBXFileReference; lastKnownFileType = sourcecode.c.objc; path = demoTests.m; sourceTree = "<group>"; };
		8659AD07257DDC280028ADAC /* Info.plist */ = {isa = PBXFileReference; lastKnownFileType = text.plist.xml; path = Info.plist; sourceTree = "<group>"; };
		8659AD0C257DDC280028ADAC /* demoUITests.xctest */ = {isa = PBXFileReference; explicitFileType = wrapper.cfbundle; includeInIndex = 0; path = demoUITests.xctest; sourceTree = BUILT_PRODUCTS_DIR; };
		8659AD10257DDC280028ADAC /* demoUITests.m */ = {isa = PBXFileReference; lastKnownFileType = sourcecode.c.objc; path = demoUITests.m; sourceTree = "<group>"; };
		8659AD12257DDC280028ADAC /* Info.plist */ = {isa = PBXFileReference; lastKnownFileType = text.plist.xml; path = Info.plist; sourceTree = "<group>"; };
		8659AD23257E00890028ADAC /* MASCompositeConstraint.h */ = {isa = PBXFileReference; fileEncoding = 4; lastKnownFileType = sourcecode.c.h; path = MASCompositeConstraint.h; sourceTree = "<group>"; };
		8659AD24257E00890028ADAC /* NSLayoutConstraint+MASDebugAdditions.m */ = {isa = PBXFileReference; fileEncoding = 4; lastKnownFileType = sourcecode.c.objc; path = "NSLayoutConstraint+MASDebugAdditions.m"; sourceTree = "<group>"; };
		8659AD25257E00890028ADAC /* MASConstraint+Private.h */ = {isa = PBXFileReference; fileEncoding = 4; lastKnownFileType = sourcecode.c.h; path = "MASConstraint+Private.h"; sourceTree = "<group>"; };
		8659AD26257E00890028ADAC /* MASLayoutConstraint.h */ = {isa = PBXFileReference; fileEncoding = 4; lastKnownFileType = sourcecode.c.h; path = MASLayoutConstraint.h; sourceTree = "<group>"; };
		8659AD27257E00890028ADAC /* NSArray+MASShorthandAdditions.h */ = {isa = PBXFileReference; fileEncoding = 4; lastKnownFileType = sourcecode.c.h; path = "NSArray+MASShorthandAdditions.h"; sourceTree = "<group>"; };
		8659AD28257E00890028ADAC /* MASConstraintMaker.h */ = {isa = PBXFileReference; fileEncoding = 4; lastKnownFileType = sourcecode.c.h; path = MASConstraintMaker.h; sourceTree = "<group>"; };
		8659AD29257E00890028ADAC /* View+MASAdditions.h */ = {isa = PBXFileReference; fileEncoding = 4; lastKnownFileType = sourcecode.c.h; path = "View+MASAdditions.h"; sourceTree = "<group>"; };
		8659AD2A257E00890028ADAC /* NSArray+MASAdditions.h */ = {isa = PBXFileReference; fileEncoding = 4; lastKnownFileType = sourcecode.c.h; path = "NSArray+MASAdditions.h"; sourceTree = "<group>"; };
		8659AD2B257E00890028ADAC /* MASUtilities.h */ = {isa = PBXFileReference; fileEncoding = 4; lastKnownFileType = sourcecode.c.h; path = MASUtilities.h; sourceTree = "<group>"; };
		8659AD2C257E00890028ADAC /* MASViewAttribute.h */ = {isa = PBXFileReference; fileEncoding = 4; lastKnownFileType = sourcecode.c.h; path = MASViewAttribute.h; sourceTree = "<group>"; };
		8659AD2D257E00890028ADAC /* ViewController+MASAdditions.m */ = {isa = PBXFileReference; fileEncoding = 4; lastKnownFileType = sourcecode.c.objc; path = "ViewController+MASAdditions.m"; sourceTree = "<group>"; };
		8659AD2E257E00890028ADAC /* MASViewConstraint.h */ = {isa = PBXFileReference; fileEncoding = 4; lastKnownFileType = sourcecode.c.h; path = MASViewConstraint.h; sourceTree = "<group>"; };
		8659AD2F257E00890028ADAC /* MASConstraint.h */ = {isa = PBXFileReference; fileEncoding = 4; lastKnownFileType = sourcecode.c.h; path = MASConstraint.h; sourceTree = "<group>"; };
		8659AD30257E00890028ADAC /* NSLayoutConstraint+MASDebugAdditions.h */ = {isa = PBXFileReference; fileEncoding = 4; lastKnownFileType = sourcecode.c.h; path = "NSLayoutConstraint+MASDebugAdditions.h"; sourceTree = "<group>"; };
		8659AD31257E00890028ADAC /* MASCompositeConstraint.m */ = {isa = PBXFileReference; fileEncoding = 4; lastKnownFileType = sourcecode.c.objc; path = MASCompositeConstraint.m; sourceTree = "<group>"; };
		8659AD32257E00890028ADAC /* MASConstraintMaker.m */ = {isa = PBXFileReference; fileEncoding = 4; lastKnownFileType = sourcecode.c.objc; path = MASConstraintMaker.m; sourceTree = "<group>"; };
		8659AD33257E00890028ADAC /* MASLayoutConstraint.m */ = {isa = PBXFileReference; fileEncoding = 4; lastKnownFileType = sourcecode.c.objc; path = MASLayoutConstraint.m; sourceTree = "<group>"; };
		8659AD34257E00890028ADAC /* NSArray+MASAdditions.m */ = {isa = PBXFileReference; fileEncoding = 4; lastKnownFileType = sourcecode.c.objc; path = "NSArray+MASAdditions.m"; sourceTree = "<group>"; };
		8659AD35257E00890028ADAC /* View+MASAdditions.m */ = {isa = PBXFileReference; fileEncoding = 4; lastKnownFileType = sourcecode.c.objc; path = "View+MASAdditions.m"; sourceTree = "<group>"; };
		8659AD36257E00890028ADAC /* View+MASShorthandAdditions.h */ = {isa = PBXFileReference; fileEncoding = 4; lastKnownFileType = sourcecode.c.h; path = "View+MASShorthandAdditions.h"; sourceTree = "<group>"; };
		8659AD37257E00890028ADAC /* Masonry.h */ = {isa = PBXFileReference; fileEncoding = 4; lastKnownFileType = sourcecode.c.h; path = Masonry.h; sourceTree = "<group>"; };
		8659AD38257E00890028ADAC /* MASConstraint.m */ = {isa = PBXFileReference; fileEncoding = 4; lastKnownFileType = sourcecode.c.objc; path = MASConstraint.m; sourceTree = "<group>"; };
		8659AD39257E00890028ADAC /* ViewController+MASAdditions.h */ = {isa = PBXFileReference; fileEncoding = 4; lastKnownFileType = sourcecode.c.h; path = "ViewController+MASAdditions.h"; sourceTree = "<group>"; };
		8659AD3A257E00890028ADAC /* MASViewConstraint.m */ = {isa = PBXFileReference; fileEncoding = 4; lastKnownFileType = sourcecode.c.objc; path = MASViewConstraint.m; sourceTree = "<group>"; };
		8659AD3B257E00890028ADAC /* MASViewAttribute.m */ = {isa = PBXFileReference; fileEncoding = 4; lastKnownFileType = sourcecode.c.objc; path = MASViewAttribute.m; sourceTree = "<group>"; };
		8659AD4A257E0DA40028ADAC /* dictMulitToString.h */ = {isa = PBXFileReference; lastKnownFileType = sourcecode.c.h; path = dictMulitToString.h; sourceTree = "<group>"; };
		8659AD4B257E0DA40028ADAC /* dictMulitToString.m */ = {isa = PBXFileReference; lastKnownFileType = sourcecode.c.objc; path = dictMulitToString.m; sourceTree = "<group>"; };
		8659AD53257E0FD00028ADAC /* JMOAuthCode.h */ = {isa = PBXFileReference; lastKnownFileType = sourcecode.c.h; path = JMOAuthCode.h; sourceTree = "<group>"; };
		8659AD54257E0FD00028ADAC /* JMOAuthCode.m */ = {isa = PBXFileReference; lastKnownFileType = sourcecode.c.objc; path = JMOAuthCode.m; sourceTree = "<group>"; };
		8659AD5C257E0FF60028ADAC /* JMOAuthItem.h */ = {isa = PBXFileReference; lastKnownFileType = sourcecode.c.h; path = JMOAuthItem.h; sourceTree = "<group>"; };
		8659AD5D257E0FF60028ADAC /* JMOAuthItem.m */ = {isa = PBXFileReference; lastKnownFileType = sourcecode.c.objc; path = JMOAuthItem.m; sourceTree = "<group>"; };
		8659AD70257E14F80028ADAC /* VerificationCodeVC.h */ = {isa = PBXFileReference; lastKnownFileType = sourcecode.c.h; path = VerificationCodeVC.h; sourceTree = "<group>"; };
		8659AD71257E14F80028ADAC /* VerificationCodeVC.m */ = {isa = PBXFileReference; lastKnownFileType = sourcecode.c.objc; path = VerificationCodeVC.m; sourceTree = "<group>"; };
		8659AD77257E21330028ADAC /* YsyPopHelper.m */ = {isa = PBXFileReference; fileEncoding = 4; lastKnownFileType = sourcecode.c.objc; path = YsyPopHelper.m; sourceTree = "<group>"; };
		8659AD78257E21330028ADAC /* YsyPopHelper.h */ = {isa = PBXFileReference; fileEncoding = 4; lastKnownFileType = sourcecode.c.h; path = YsyPopHelper.h; sourceTree = "<group>"; };
		8659AD79257E21330028ADAC /* YsyPopMacro.h */ = {isa = PBXFileReference; fileEncoding = 4; lastKnownFileType = sourcecode.c.h; path = YsyPopMacro.h; sourceTree = "<group>"; };
		8659AD7A257E21330028ADAC /* YsyPopAnimationManage.m */ = {isa = PBXFileReference; fileEncoding = 4; lastKnownFileType = sourcecode.c.objc; path = YsyPopAnimationManage.m; sourceTree = "<group>"; };
		8659AD7B257E21330028ADAC /* YsyPopAnimationManage.h */ = {isa = PBXFileReference; fileEncoding = 4; lastKnownFileType = sourcecode.c.h; path = YsyPopAnimationManage.h; sourceTree = "<group>"; };
		8659AD82257E220B0028ADAC /* PopViewsVC.h */ = {isa = PBXFileReference; lastKnownFileType = sourcecode.c.h; path = PopViewsVC.h; sourceTree = "<group>"; };
		8659AD83257E220B0028ADAC /* PopViewsVC.m */ = {isa = PBXFileReference; lastKnownFileType = sourcecode.c.objc; path = PopViewsVC.m; sourceTree = "<group>"; };
		8659AD8B257E25F90028ADAC /* TestView.m */ = {isa = PBXFileReference; fileEncoding = 4; lastKnownFileType = sourcecode.c.objc; path = TestView.m; sourceTree = "<group>"; };
		8659AD8D257E25F90028ADAC /* BaiDuView.h */ = {isa = PBXFileReference; fileEncoding = 4; lastKnownFileType = sourcecode.c.h; path = BaiDuView.h; sourceTree = "<group>"; };
		8659AD8E257E25F90028ADAC /* BaiDuView.m */ = {isa = PBXFileReference; fileEncoding = 4; lastKnownFileType = sourcecode.c.objc; path = BaiDuView.m; sourceTree = "<group>"; };
		8659AD8F257E25F90028ADAC /* TestView.h */ = {isa = PBXFileReference; fileEncoding = 4; lastKnownFileType = sourcecode.c.h; path = TestView.h; sourceTree = "<group>"; };
/* End PBXFileReference section */

/* Begin PBXFrameworksBuildPhase section */
		8659ACE3257DDC240028ADAC /* Frameworks */ = {
			isa = PBXFrameworksBuildPhase;
			buildActionMask = 2147483647;
			files = (
			);
			runOnlyForDeploymentPostprocessing = 0;
		};
		8659ACFE257DDC280028ADAC /* Frameworks */ = {
			isa = PBXFrameworksBuildPhase;
			buildActionMask = 2147483647;
			files = (
			);
			runOnlyForDeploymentPostprocessing = 0;
		};
		8659AD09257DDC280028ADAC /* Frameworks */ = {
			isa = PBXFrameworksBuildPhase;
			buildActionMask = 2147483647;
			files = (
			);
			runOnlyForDeploymentPostprocessing = 0;
		};
/* End PBXFrameworksBuildPhase section */

/* Begin PBXGroup section */
		8659ACDD257DDC240028ADAC = {
			isa = PBXGroup;
			children = (
				8659ACE8257DDC240028ADAC /* demo */,
				8659AD04257DDC280028ADAC /* demoTests */,
				8659AD0F257DDC280028ADAC /* demoUITests */,
				8659ACE7257DDC240028ADAC /* Products */,
			);
			sourceTree = "<group>";
		};
		8659ACE7257DDC240028ADAC /* Products */ = {
			isa = PBXGroup;
			children = (
				8659ACE6257DDC240028ADAC /* demo.app */,
				8659AD01257DDC280028ADAC /* demoTests.xctest */,
				8659AD0C257DDC280028ADAC /* demoUITests.xctest */,
			);
			name = Products;
			sourceTree = "<group>";
		};
		8659ACE8257DDC240028ADAC /* demo */ = {
			isa = PBXGroup;
			children = (
				8659AD62257E13EA0028ADAC /* Views */,
				8659AD49257E0D680028ADAC /* methods */,
				8659AD21257DDE670028ADAC /* lib */,
				8659ACE9257DDC240028ADAC /* AppDelegate.h */,
				8659ACEA257DDC240028ADAC /* AppDelegate.m */,
				8659ACEC257DDC240028ADAC /* SceneDelegate.h */,
				8659ACED257DDC240028ADAC /* SceneDelegate.m */,
				8659ACEF257DDC240028ADAC /* ViewController.h */,
				8659ACF0257DDC240028ADAC /* ViewController.m */,
				8659ACF2257DDC240028ADAC /* Main.storyboard */,
				8659ACF5257DDC270028ADAC /* Assets.xcassets */,
				8659ACF7257DDC270028ADAC /* LaunchScreen.storyboard */,
				8659ACFA257DDC270028ADAC /* Info.plist */,
				8659ACFB257DDC270028ADAC /* main.m */,
			);
			path = demo;
			sourceTree = "<group>";
		};
		8659AD04257DDC280028ADAC /* demoTests */ = {
			isa = PBXGroup;
			children = (
				8659AD05257DDC280028ADAC /* demoTests.m */,
				8659AD07257DDC280028ADAC /* Info.plist */,
			);
			path = demoTests;
			sourceTree = "<group>";
		};
		8659AD0F257DDC280028ADAC /* demoUITests */ = {
			isa = PBXGroup;
			children = (
				8659AD10257DDC280028ADAC /* demoUITests.m */,
				8659AD12257DDC280028ADAC /* Info.plist */,
			);
			path = demoUITests;
			sourceTree = "<group>";
		};
		8659AD21257DDE670028ADAC /* lib */ = {
			isa = PBXGroup;
			children = (
				8659AD76257E20BC0028ADAC /* Pop */,
				8659AD51257E0F570028ADAC /* JMOAuth */,
				8659AD22257E00890028ADAC /* Masonry */,
			);
			path = lib;
			sourceTree = "<group>";
		};
		8659AD22257E00890028ADAC /* Masonry */ = {
			isa = PBXGroup;
			children = (
				8659AD23257E00890028ADAC /* MASCompositeConstraint.h */,
				8659AD24257E00890028ADAC /* NSLayoutConstraint+MASDebugAdditions.m */,
				8659AD25257E00890028ADAC /* MASConstraint+Private.h */,
				8659AD26257E00890028ADAC /* MASLayoutConstraint.h */,
				8659AD27257E00890028ADAC /* NSArray+MASShorthandAdditions.h */,
				8659AD28257E00890028ADAC /* MASConstraintMaker.h */,
				8659AD29257E00890028ADAC /* View+MASAdditions.h */,
				8659AD2A257E00890028ADAC /* NSArray+MASAdditions.h */,
				8659AD2B257E00890028ADAC /* MASUtilities.h */,
				8659AD2C257E00890028ADAC /* MASViewAttribute.h */,
				8659AD2D257E00890028ADAC /* ViewController+MASAdditions.m */,
				8659AD2E257E00890028ADAC /* MASViewConstraint.h */,
				8659AD2F257E00890028ADAC /* MASConstraint.h */,
				8659AD30257E00890028ADAC /* NSLayoutConstraint+MASDebugAdditions.h */,
				8659AD31257E00890028ADAC /* MASCompositeConstraint.m */,
				8659AD32257E00890028ADAC /* MASConstraintMaker.m */,
				8659AD33257E00890028ADAC /* MASLayoutConstraint.m */,
				8659AD34257E00890028ADAC /* NSArray+MASAdditions.m */,
				8659AD35257E00890028ADAC /* View+MASAdditions.m */,
				8659AD36257E00890028ADAC /* View+MASShorthandAdditions.h */,
				8659AD37257E00890028ADAC /* Masonry.h */,
				8659AD38257E00890028ADAC /* MASConstraint.m */,
				8659AD39257E00890028ADAC /* ViewController+MASAdditions.h */,
				8659AD3A257E00890028ADAC /* MASViewConstraint.m */,
				8659AD3B257E00890028ADAC /* MASViewAttribute.m */,
			);
			path = Masonry;
			sourceTree = "<group>";
		};
		8659AD49257E0D680028ADAC /* methods */ = {
			isa = PBXGroup;
			children = (
				8659AD50257E0DAD0028ADAC /* dictMulitToString */,
			);
			path = methods;
			sourceTree = "<group>";
		};
		8659AD50257E0DAD0028ADAC /* dictMulitToString */ = {
			isa = PBXGroup;
			children = (
				8659AD4A257E0DA40028ADAC /* dictMulitToString.h */,
				8659AD4B257E0DA40028ADAC /* dictMulitToString.m */,
			);
			path = dictMulitToString;
			sourceTree = "<group>";
		};
		8659AD51257E0F570028ADAC /* JMOAuth */ = {
			isa = PBXGroup;
			children = (
				8659AD52257E0F840028ADAC /* JMOAuthCodeView */,
			);
			path = JMOAuth;
			sourceTree = "<group>";
		};
		8659AD52257E0F840028ADAC /* JMOAuthCodeView */ = {
			isa = PBXGroup;
			children = (
				8659AD53257E0FD00028ADAC /* JMOAuthCode.h */,
				8659AD54257E0FD00028ADAC /* JMOAuthCode.m */,
				8659AD5C257E0FF60028ADAC /* JMOAuthItem.h */,
				8659AD5D257E0FF60028ADAC /* JMOAuthItem.m */,
			);
			path = JMOAuthCodeView;
			sourceTree = "<group>";
		};
		8659AD62257E13EA0028ADAC /* Views */ = {
			isa = PBXGroup;
			children = (
				8659AD81257E21EA0028ADAC /* PopViews */,
				8659AD63257E143A0028ADAC /* VeriCode */,
			);
			path = Views;
			sourceTree = "<group>";
		};
		8659AD63257E143A0028ADAC /* VeriCode */ = {
			isa = PBXGroup;
			children = (
				8659AD70257E14F80028ADAC /* VerificationCodeVC.h */,
				8659AD71257E14F80028ADAC /* VerificationCodeVC.m */,
			);
			path = VeriCode;
			sourceTree = "<group>";
		};
		8659AD76257E20BC0028ADAC /* Pop */ = {
			isa = PBXGroup;
			children = (
				8659AD7B257E21330028ADAC /* YsyPopAnimationManage.h */,
				8659AD7A257E21330028ADAC /* YsyPopAnimationManage.m */,
				8659AD78257E21330028ADAC /* YsyPopHelper.h */,
				8659AD77257E21330028ADAC /* YsyPopHelper.m */,
				8659AD79257E21330028ADAC /* YsyPopMacro.h */,
			);
			path = Pop;
			sourceTree = "<group>";
		};
		8659AD81257E21EA0028ADAC /* PopViews */ = {
			isa = PBXGroup;
			children = (
				8659AD8C257E25F90028ADAC /* 百度分类菜单 */,
				8659AD8F257E25F90028ADAC /* TestView.h */,
				8659AD8B257E25F90028ADAC /* TestView.m */,
				8659AD82257E220B0028ADAC /* PopViewsVC.h */,
				8659AD83257E220B0028ADAC /* PopViewsVC.m */,
			);
			path = PopViews;
			sourceTree = "<group>";
		};
		8659AD8C257E25F90028ADAC /* 百度分类菜单 */ = {
			isa = PBXGroup;
			children = (
				8659AD8D257E25F90028ADAC /* BaiDuView.h */,
				8659AD8E257E25F90028ADAC /* BaiDuView.m */,
			);
			path = "百度分类菜单";
			sourceTree = "<group>";
		};
/* End PBXGroup section */

/* Begin PBXNativeTarget section */
		8659ACE5257DDC240028ADAC /* demo */ = {
			isa = PBXNativeTarget;
			buildConfigurationList = 8659AD15257DDC280028ADAC /* Build configuration list for PBXNativeTarget "demo" */;
			buildPhases = (
				8659ACE2257DDC240028ADAC /* Sources */,
				8659ACE3257DDC240028ADAC /* Frameworks */,
				8659ACE4257DDC240028ADAC /* Resources */,
			);
			buildRules = (
			);
			dependencies = (
			);
			name = demo;
			productName = demo;
			productReference = 8659ACE6257DDC240028ADAC /* demo.app */;
			productType = "com.apple.product-type.application";
		};
		8659AD00257DDC280028ADAC /* demoTests */ = {
			isa = PBXNativeTarget;
			buildConfigurationList = 8659AD18257DDC280028ADAC /* Build configuration list for PBXNativeTarget "demoTests" */;
			buildPhases = (
				8659ACFD257DDC280028ADAC /* Sources */,
				8659ACFE257DDC280028ADAC /* Frameworks */,
				8659ACFF257DDC280028ADAC /* Resources */,
			);
			buildRules = (
			);
			dependencies = (
				8659AD03257DDC280028ADAC /* PBXTargetDependency */,
			);
			name = demoTests;
			productName = demoTests;
			productReference = 8659AD01257DDC280028ADAC /* demoTests.xctest */;
			productType = "com.apple.product-type.bundle.unit-test";
		};
		8659AD0B257DDC280028ADAC /* demoUITests */ = {
			isa = PBXNativeTarget;
			buildConfigurationList = 8659AD1B257DDC280028ADAC /* Build configuration list for PBXNativeTarget "demoUITests" */;
			buildPhases = (
				8659AD08257DDC280028ADAC /* Sources */,
				8659AD09257DDC280028ADAC /* Frameworks */,
				8659AD0A257DDC280028ADAC /* Resources */,
			);
			buildRules = (
			);
			dependencies = (
				8659AD0E257DDC280028ADAC /* PBXTargetDependency */,
			);
			name = demoUITests;
			productName = demoUITests;
			productReference = 8659AD0C257DDC280028ADAC /* demoUITests.xctest */;
			productType = "com.apple.product-type.bundle.ui-testing";
		};
/* End PBXNativeTarget section */

/* Begin PBXProject section */
		8659ACDE257DDC240028ADAC /* Project object */ = {
			isa = PBXProject;
			attributes = {
				LastUpgradeCheck = 1210;
				TargetAttributes = {
					8659ACE5257DDC240028ADAC = {
						CreatedOnToolsVersion = 12.1;
					};
					8659AD00257DDC280028ADAC = {
						CreatedOnToolsVersion = 12.1;
						TestTargetID = 8659ACE5257DDC240028ADAC;
					};
					8659AD0B257DDC280028ADAC = {
						CreatedOnToolsVersion = 12.1;
						TestTargetID = 8659ACE5257DDC240028ADAC;
					};
				};
			};
			buildConfigurationList = 8659ACE1257DDC240028ADAC /* Build configuration list for PBXProject "demo" */;
			compatibilityVersion = "Xcode 9.3";
			developmentRegion = en;
			hasScannedForEncodings = 0;
			knownRegions = (
				en,
				Base,
			);
			mainGroup = 8659ACDD257DDC240028ADAC;
			productRefGroup = 8659ACE7257DDC240028ADAC /* Products */;
			projectDirPath = "";
			projectRoot = "";
			targets = (
				8659ACE5257DDC240028ADAC /* demo */,
				8659AD00257DDC280028ADAC /* demoTests */,
				8659AD0B257DDC280028ADAC /* demoUITests */,
			);
		};
/* End PBXProject section */

/* Begin PBXResourcesBuildPhase section */
		8659ACE4257DDC240028ADAC /* Resources */ = {
			isa = PBXResourcesBuildPhase;
			buildActionMask = 2147483647;
			files = (
				8659ACF9257DDC270028ADAC /* LaunchScreen.storyboard in Resources */,
				8659ACF6257DDC270028ADAC /* Assets.xcassets in Resources */,
				8659ACF4257DDC240028ADAC /* Main.storyboard in Resources */,
			);
			runOnlyForDeploymentPostprocessing = 0;
		};
		8659ACFF257DDC280028ADAC /* Resources */ = {
			isa = PBXResourcesBuildPhase;
			buildActionMask = 2147483647;
			files = (
			);
			runOnlyForDeploymentPostprocessing = 0;
		};
		8659AD0A257DDC280028ADAC /* Resources */ = {
			isa = PBXResourcesBuildPhase;
			buildActionMask = 2147483647;
			files = (
			);
			runOnlyForDeploymentPostprocessing = 0;
		};
/* End PBXResourcesBuildPhase section */

/* Begin PBXSourcesBuildPhase section */
		8659ACE2257DDC240028ADAC /* Sources */ = {
			isa = PBXSourcesBuildPhase;
			buildActionMask = 2147483647;
			files = (
				8659AD84257E220B0028ADAC /* PopViewsVC.m in Sources */,
				8659AD44257E00890028ADAC /* MASViewConstraint.m in Sources */,
				8659AD45257E00890028ADAC /* MASViewAttribute.m in Sources */,
				8659AD7C257E21340028ADAC /* YsyPopHelper.m in Sources */,
				8659AD4C257E0DA40028ADAC /* dictMulitToString.m in Sources */,
				8659ACF1257DDC240028ADAC /* ViewController.m in Sources */,
				8659AD90257E25F90028ADAC /* TestView.m in Sources */,
				8659ACEB257DDC240028ADAC /* AppDelegate.m in Sources */,
				8659AD41257E00890028ADAC /* NSArray+MASAdditions.m in Sources */,
				8659AD3D257E00890028ADAC /* ViewController+MASAdditions.m in Sources */,
				8659AD3E257E00890028ADAC /* MASCompositeConstraint.m in Sources */,
				8659ACFC257DDC270028ADAC /* main.m in Sources */,
				8659AD42257E00890028ADAC /* View+MASAdditions.m in Sources */,
				8659AD72257E14F80028ADAC /* VerificationCodeVC.m in Sources */,
				8659AD5E257E0FF60028ADAC /* JMOAuthItem.m in Sources */,
				8659AD3F257E00890028ADAC /* MASConstraintMaker.m in Sources */,
				8659AD55257E0FD00028ADAC /* JMOAuthCode.m in Sources */,
				8659AD43257E00890028ADAC /* MASConstraint.m in Sources */,
				8659AD3C257E00890028ADAC /* NSLayoutConstraint+MASDebugAdditions.m in Sources */,
				8659AD91257E25F90028ADAC /* BaiDuView.m in Sources */,
				8659AD40257E00890028ADAC /* MASLayoutConstraint.m in Sources */,
				8659ACEE257DDC240028ADAC /* SceneDelegate.m in Sources */,
				8659AD7D257E21340028ADAC /* YsyPopAnimationManage.m in Sources */,
			);
			runOnlyForDeploymentPostprocessing = 0;
		};
		8659ACFD257DDC280028ADAC /* Sources */ = {
			isa = PBXSourcesBuildPhase;
			buildActionMask = 2147483647;
			files = (
				8659AD06257DDC280028ADAC /* demoTests.m in Sources */,
			);
			runOnlyForDeploymentPostprocessing = 0;
		};
		8659AD08257DDC280028ADAC /* Sources */ = {
			isa = PBXSourcesBuildPhase;
			buildActionMask = 2147483647;
			files = (
				8659AD11257DDC280028ADAC /* demoUITests.m in Sources */,
			);
			runOnlyForDeploymentPostprocessing = 0;
		};
/* End PBXSourcesBuildPhase section */

/* Begin PBXTargetDependency section */
		8659AD03257DDC280028ADAC /* PBXTargetDependency */ = {
			isa = PBXTargetDependency;
			target = 8659ACE5257DDC240028ADAC /* demo */;
			targetProxy = 8659AD02257DDC280028ADAC /* PBXContainerItemProxy */;
		};
		8659AD0E257DDC280028ADAC /* PBXTargetDependency */ = {
			isa = PBXTargetDependency;
			target = 8659ACE5257DDC240028ADAC /* demo */;
			targetProxy = 8659AD0D257DDC280028ADAC /* PBXContainerItemProxy */;
		};
/* End PBXTargetDependency section */

/* Begin PBXVariantGroup section */
		8659ACF2257DDC240028ADAC /* Main.storyboard */ = {
			isa = PBXVariantGroup;
			children = (
				8659ACF3257DDC240028ADAC /* Base */,
			);
			name = Main.storyboard;
			sourceTree = "<group>";
		};
		8659ACF7257DDC270028ADAC /* LaunchScreen.storyboard */ = {
			isa = PBXVariantGroup;
			children = (
				8659ACF8257DDC270028ADAC /* Base */,
			);
			name = LaunchScreen.storyboard;
			sourceTree = "<group>";
		};
/* End PBXVariantGroup section */

/* Begin XCBuildConfiguration section */
		8659AD13257DDC280028ADAC /* Debug */ = {
			isa = XCBuildConfiguration;
			buildSettings = {
				ALWAYS_SEARCH_USER_PATHS = NO;
				CLANG_ANALYZER_NONNULL = YES;
				CLANG_ANALYZER_NUMBER_OBJECT_CONVERSION = YES_AGGRESSIVE;
				CLANG_CXX_LANGUAGE_STANDARD = "gnu++14";
				CLANG_CXX_LIBRARY = "libc++";
				CLANG_ENABLE_MODULES = YES;
				CLANG_ENABLE_OBJC_ARC = YES;
				CLANG_ENABLE_OBJC_WEAK = YES;
				CLANG_WARN_BLOCK_CAPTURE_AUTORELEASING = YES;
				CLANG_WARN_BOOL_CONVERSION = YES;
				CLANG_WARN_COMMA = YES;
				CLANG_WARN_CONSTANT_CONVERSION = YES;
				CLANG_WARN_DEPRECATED_OBJC_IMPLEMENTATIONS = YES;
				CLANG_WARN_DIRECT_OBJC_ISA_USAGE = YES_ERROR;
				CLANG_WARN_DOCUMENTATION_COMMENTS = YES;
				CLANG_WARN_EMPTY_BODY = YES;
				CLANG_WARN_ENUM_CONVERSION = YES;
				CLANG_WARN_INFINITE_RECURSION = YES;
				CLANG_WARN_INT_CONVERSION = YES;
				CLANG_WARN_NON_LITERAL_NULL_CONVERSION = YES;
				CLANG_WARN_OBJC_IMPLICIT_RETAIN_SELF = YES;
				CLANG_WARN_OBJC_LITERAL_CONVERSION = YES;
				CLANG_WARN_OBJC_ROOT_CLASS = YES_ERROR;
				CLANG_WARN_QUOTED_INCLUDE_IN_FRAMEWORK_HEADER = YES;
				CLANG_WARN_RANGE_LOOP_ANALYSIS = YES;
				CLANG_WARN_STRICT_PROTOTYPES = YES;
				CLANG_WARN_SUSPICIOUS_MOVE = YES;
				CLANG_WARN_UNGUARDED_AVAILABILITY = YES_AGGRESSIVE;
				CLANG_WARN_UNREACHABLE_CODE = YES;
				CLANG_WARN__DUPLICATE_METHOD_MATCH = YES;
				COPY_PHASE_STRIP = NO;
				DEBUG_INFORMATION_FORMAT = dwarf;
				ENABLE_STRICT_OBJC_MSGSEND = YES;
				ENABLE_TESTABILITY = YES;
				GCC_C_LANGUAGE_STANDARD = gnu11;
				GCC_DYNAMIC_NO_PIC = NO;
				GCC_NO_COMMON_BLOCKS = YES;
				GCC_OPTIMIZATION_LEVEL = 0;
				GCC_PREPROCESSOR_DEFINITIONS = (
					"DEBUG=1",
					"$(inherited)",
				);
				GCC_WARN_64_TO_32_BIT_CONVERSION = YES;
				GCC_WARN_ABOUT_RETURN_TYPE = YES_ERROR;
				GCC_WARN_UNDECLARED_SELECTOR = YES;
				GCC_WARN_UNINITIALIZED_AUTOS = YES_AGGRESSIVE;
				GCC_WARN_UNUSED_FUNCTION = YES;
				GCC_WARN_UNUSED_VARIABLE = YES;
				IPHONEOS_DEPLOYMENT_TARGET = 14.1;
				MTL_ENABLE_DEBUG_INFO = INCLUDE_SOURCE;
				MTL_FAST_MATH = YES;
				ONLY_ACTIVE_ARCH = YES;
				SDKROOT = iphoneos;
			};
			name = Debug;
		};
		8659AD14257DDC280028ADAC /* Release */ = {
			isa = XCBuildConfiguration;
			buildSettings = {
				ALWAYS_SEARCH_USER_PATHS = NO;
				CLANG_ANALYZER_NONNULL = YES;
				CLANG_ANALYZER_NUMBER_OBJECT_CONVERSION = YES_AGGRESSIVE;
				CLANG_CXX_LANGUAGE_STANDARD = "gnu++14";
				CLANG_CXX_LIBRARY = "libc++";
				CLANG_ENABLE_MODULES = YES;
				CLANG_ENABLE_OBJC_ARC = YES;
				CLANG_ENABLE_OBJC_WEAK = YES;
				CLANG_WARN_BLOCK_CAPTURE_AUTORELEASING = YES;
				CLANG_WARN_BOOL_CONVERSION = YES;
				CLANG_WARN_COMMA = YES;
				CLANG_WARN_CONSTANT_CONVERSION = YES;
				CLANG_WARN_DEPRECATED_OBJC_IMPLEMENTATIONS = YES;
				CLANG_WARN_DIRECT_OBJC_ISA_USAGE = YES_ERROR;
				CLANG_WARN_DOCUMENTATION_COMMENTS = YES;
				CLANG_WARN_EMPTY_BODY = YES;
				CLANG_WARN_ENUM_CONVERSION = YES;
				CLANG_WARN_INFINITE_RECURSION = YES;
				CLANG_WARN_INT_CONVERSION = YES;
				CLANG_WARN_NON_LITERAL_NULL_CONVERSION = YES;
				CLANG_WARN_OBJC_IMPLICIT_RETAIN_SELF = YES;
				CLANG_WARN_OBJC_LITERAL_CONVERSION = YES;
				CLANG_WARN_OBJC_ROOT_CLASS = YES_ERROR;
				CLANG_WARN_QUOTED_INCLUDE_IN_FRAMEWORK_HEADER = YES;
				CLANG_WARN_RANGE_LOOP_ANALYSIS = YES;
				CLANG_WARN_STRICT_PROTOTYPES = YES;
				CLANG_WARN_SUSPICIOUS_MOVE = YES;
				CLANG_WARN_UNGUARDED_AVAILABILITY = YES_AGGRESSIVE;
				CLANG_WARN_UNREACHABLE_CODE = YES;
				CLANG_WARN__DUPLICATE_METHOD_MATCH = YES;
				COPY_PHASE_STRIP = NO;
				DEBUG_INFORMATION_FORMAT = "dwarf-with-dsym";
				ENABLE_NS_ASSERTIONS = NO;
				ENABLE_STRICT_OBJC_MSGSEND = YES;
				GCC_C_LANGUAGE_STANDARD = gnu11;
				GCC_NO_COMMON_BLOCKS = YES;
				GCC_WARN_64_TO_32_BIT_CONVERSION = YES;
				GCC_WARN_ABOUT_RETURN_TYPE = YES_ERROR;
				GCC_WARN_UNDECLARED_SELECTOR = YES;
				GCC_WARN_UNINITIALIZED_AUTOS = YES_AGGRESSIVE;
				GCC_WARN_UNUSED_FUNCTION = YES;
				GCC_WARN_UNUSED_VARIABLE = YES;
				IPHONEOS_DEPLOYMENT_TARGET = 14.1;
				MTL_ENABLE_DEBUG_INFO = NO;
				MTL_FAST_MATH = YES;
				SDKROOT = iphoneos;
				VALIDATE_PRODUCT = YES;
			};
			name = Release;
		};
		8659AD16257DDC280028ADAC /* Debug */ = {
			isa = XCBuildConfiguration;
			buildSettings = {
				ASSETCATALOG_COMPILER_APPICON_NAME = AppIcon;
				ASSETCATALOG_COMPILER_GLOBAL_ACCENT_COLOR_NAME = AccentColor;
				CODE_SIGN_STYLE = Automatic;
				INFOPLIST_FILE = demo/Info.plist;
				LD_RUNPATH_SEARCH_PATHS = (
					"$(inherited)",
					"@executable_path/Frameworks",
				);
				PRODUCT_BUNDLE_IDENTIFIER = com.mercedes.zhang.demo;
				PRODUCT_NAME = "$(TARGET_NAME)";
				TARGETED_DEVICE_FAMILY = "1,2";
			};
			name = Debug;
		};
		8659AD17257DDC280028ADAC /* Release */ = {
			isa = XCBuildConfiguration;
			buildSettings = {
				ASSETCATALOG_COMPILER_APPICON_NAME = AppIcon;
				ASSETCATALOG_COMPILER_GLOBAL_ACCENT_COLOR_NAME = AccentColor;
				CODE_SIGN_STYLE = Automatic;
				INFOPLIST_FILE = demo/Info.plist;
				LD_RUNPATH_SEARCH_PATHS = (
					"$(inherited)",
					"@executable_path/Frameworks",
				);
				PRODUCT_BUNDLE_IDENTIFIER = com.mercedes.zhang.demo;
				PRODUCT_NAME = "$(TARGET_NAME)";
				TARGETED_DEVICE_FAMILY = "1,2";
			};
			name = Release;
		};
		8659AD19257DDC280028ADAC /* Debug */ = {
			isa = XCBuildConfiguration;
			buildSettings = {
				BUNDLE_LOADER = "$(TEST_HOST)";
				CODE_SIGN_STYLE = Automatic;
				INFOPLIST_FILE = demoTests/Info.plist;
				IPHONEOS_DEPLOYMENT_TARGET = 14.1;
				LD_RUNPATH_SEARCH_PATHS = (
					"$(inherited)",
					"@executable_path/Frameworks",
					"@loader_path/Frameworks",
				);
				PRODUCT_BUNDLE_IDENTIFIER = com.mercedes.zhang.demoTests;
				PRODUCT_NAME = "$(TARGET_NAME)";
				TARGETED_DEVICE_FAMILY = "1,2";
				TEST_HOST = "$(BUILT_PRODUCTS_DIR)/demo.app/demo";
			};
			name = Debug;
		};
		8659AD1A257DDC280028ADAC /* Release */ = {
			isa = XCBuildConfiguration;
			buildSettings = {
				BUNDLE_LOADER = "$(TEST_HOST)";
				CODE_SIGN_STYLE = Automatic;
				INFOPLIST_FILE = demoTests/Info.plist;
				IPHONEOS_DEPLOYMENT_TARGET = 14.1;
				LD_RUNPATH_SEARCH_PATHS = (
					"$(inherited)",
					"@executable_path/Frameworks",
					"@loader_path/Frameworks",
				);
				PRODUCT_BUNDLE_IDENTIFIER = com.mercedes.zhang.demoTests;
				PRODUCT_NAME = "$(TARGET_NAME)";
				TARGETED_DEVICE_FAMILY = "1,2";
				TEST_HOST = "$(BUILT_PRODUCTS_DIR)/demo.app/demo";
			};
			name = Release;
		};
		8659AD1C257DDC280028ADAC /* Debug */ = {
			isa = XCBuildConfiguration;
			buildSettings = {
				CODE_SIGN_STYLE = Automatic;
				INFOPLIST_FILE = demoUITests/Info.plist;
				LD_RUNPATH_SEARCH_PATHS = (
					"$(inherited)",
					"@executable_path/Frameworks",
					"@loader_path/Frameworks",
				);
				PRODUCT_BUNDLE_IDENTIFIER = com.mercedes.zhang.demoUITests;
				PRODUCT_NAME = "$(TARGET_NAME)";
				TARGETED_DEVICE_FAMILY = "1,2";
				TEST_TARGET_NAME = demo;
			};
			name = Debug;
		};
		8659AD1D257DDC280028ADAC /* Release */ = {
			isa = XCBuildConfiguration;
			buildSettings = {
				CODE_SIGN_STYLE = Automatic;
				INFOPLIST_FILE = demoUITests/Info.plist;
				LD_RUNPATH_SEARCH_PATHS = (
					"$(inherited)",
					"@executable_path/Frameworks",
					"@loader_path/Frameworks",
				);
				PRODUCT_BUNDLE_IDENTIFIER = com.mercedes.zhang.demoUITests;
				PRODUCT_NAME = "$(TARGET_NAME)";
				TARGETED_DEVICE_FAMILY = "1,2";
				TEST_TARGET_NAME = demo;
			};
			name = Release;
		};
/* End XCBuildConfiguration section */

/* Begin XCConfigurationList section */
		8659ACE1257DDC240028ADAC /* Build configuration list for PBXProject "demo" */ = {
			isa = XCConfigurationList;
			buildConfigurations = (
				8659AD13257DDC280028ADAC /* Debug */,
				8659AD14257DDC280028ADAC /* Release */,
			);
			defaultConfigurationIsVisible = 0;
			defaultConfigurationName = Release;
		};
		8659AD15257DDC280028ADAC /* Build configuration list for PBXNativeTarget "demo" */ = {
			isa = XCConfigurationList;
			buildConfigurations = (
				8659AD16257DDC280028ADAC /* Debug */,
				8659AD17257DDC280028ADAC /* Release */,
			);
			defaultConfigurationIsVisible = 0;
			defaultConfigurationName = Release;
		};
		8659AD18257DDC280028ADAC /* Build configuration list for PBXNativeTarget "demoTests" */ = {
			isa = XCConfigurationList;
			buildConfigurations = (
				8659AD19257DDC280028ADAC /* Debug */,
				8659AD1A257DDC280028ADAC /* Release */,
			);
			defaultConfigurationIsVisible = 0;
			defaultConfigurationName = Release;
		};
		8659AD1B257DDC280028ADAC /* Build configuration list for PBXNativeTarget "demoUITests" */ = {
			isa = XCConfigurationList;
			buildConfigurations = (
				8659AD1C257DDC280028ADAC /* Debug */,
				8659AD1D257DDC280028ADAC /* Release */,
			);
			defaultConfigurationIsVisible = 0;
			defaultConfigurationName = Release;
		};
/* End XCConfigurationList section */
	};
	rootObject = 8659ACDE257DDC240028ADAC /* Project object */;
}
